
Microsoft Visual Studio Solution File, Format Version 12.00
# Visual Studio Version 16
VisualStudioVersion = 16.0.29215.179
MinimumVisualStudioVersion = 10.0.40219.1
Project("{FAE04EC0-301F-11D3-BF4B-00C04F79EFBC}") = "ClassesPratice", "ClassesPratice.csproj", "{40693672-E400-424F-915B-1CEE9BA855BE}"
EndProject
Global
	GlobalSection(SolutionConfigurationPlatforms) = preSolution
		Debug|Any CPU = Debug|Any CPU
		Release|Any CPU = Release|Any CPU
	EndGlobalSection
	GlobalSection(ProjectConfigurationPlatforms) = postSolution
		{40693672-E400-424F-915B-1CEE9BA855BE}.Debug|Any CPU.ActiveCfg = Debug|Any CPU
		{40693672-E400-424F-915B-1CEE9BA855BE}.Debug|Any CPU.Build.0 = Debug|Any CPU
		{40693672-E400-424F-915B-1CEE9BA855BE}.Release|Any CPU.ActiveCfg = Release|Any CPU
		{40693672-E400-424F-915B-1CEE9BA855BE}.Release|Any CPU.Build.0 = Release|Any CPU
	EndGlobalSection
	GlobalSection(SolutionProperties) = preSolution
		HideSolutionNode = FALSE
	EndGlobalSection
	GlobalSection(ExtensibilityGlobals) = postSolution
		SolutionGuid = {48A75EE3-50F9-418B-8333-31C941C1A1BD}
	EndGlobalSection
EndGlobal
